// !$*UTF8*$!
{
	archiveVersion = 1;
	classes = {
	};
	objectVersion = 56;
	objects = {

/* Begin PBXBuildFile section */
		A1000001233333330001 /* ScriptletRunnerApp.swift in Sources */ = {isa = PBXBuildFile; fileRef = A1000001111111110001; };
		A1000001233333330002 /* ContentView.swift in Sources */ = {isa = PBXBuildFile; fileRef = A1000001111111110002; };
		A1000001233333330003 /* ScriptListView.swift in Sources */ = {isa = PBXBuildFile; fileRef = A1000001111111110003; };
		A1000001233333330004 /* ScriptDetailView.swift in Sources */ = {isa = PBXBuildFile; fileRef = A1000001111111110004; };
		A1000001233333330005 /* ConsoleView.swift in Sources */ = {isa = PBXBuildFile; fileRef = A1000001111111110005; };
		A1000001233333330006 /* SettingsView.swift in Sources */ = {isa = PBXBuildFile; fileRef = A1000001111111110006; };
		A1000001233333330007 /* Script.swift in Sources */ = {isa = PBXBuildFile; fileRef = A1000001111111110007; };
		A1000001233333330008 /* ScriptArgument.swift in Sources */ = {isa = PBXBuildFile; fileRef = A1000001111111110008; };
		A1000001233333330009 /* ScanLocation.swift in Sources */ = {isa = PBXBuildFile; fileRef = A1000001111111110009; };
		A1000001233333330010 /* ScriptScanner.swift in Sources */ = {isa = PBXBuildFile; fileRef = A1000001111111110010; };
		A1000001233333330011 /* ScriptParser.swift in Sources */ = {isa = PBXBuildFile; fileRef = A1000001111111110011; };
		A1000001233333330012 /* ScriptRunner.swift in Sources */ = {isa = PBXBuildFile; fileRef = A1000001111111110012; };
		A1000001233333330013 /* Assets.xcassets in Resources */ = {isa = PBXBuildFile; fileRef = A1000001111111110013; };
		A1000001233333330014 /* AboutView.swift in Sources */ = {isa = PBXBuildFile; fileRef = A1000001111111110015; };
		A1000001233333330015 /* HelpView.swift in Sources */ = {isa = PBXBuildFile; fileRef = A1000001111111110016; };
		A1000001233333330016 /* ScriptChain.swift in Sources */ = {isa = PBXBuildFile; fileRef = A1000001111111110017; };
		A1000001233333330017 /* ChainRunner.swift in Sources */ = {isa = PBXBuildFile; fileRef = A1000001111111110018; };
		A1000001233333330018 /* ChainListView.swift in Sources */ = {isa = PBXBuildFile; fileRef = A1000001111111110019; };
		A1000001233333330019 /* ChainEditorView.swift in Sources */ = {isa = PBXBuildFile; fileRef = A1000001111111110020; };
		A1000001233333330020 /* ChainDetailView.swift in Sources */ = {isa = PBXBuildFile; fileRef = A1000001111111110021; };
/* End PBXBuildFile section */

/* Begin PBXFileReference section */
		A1000001000000000001 /* Scriptlet Runner.app */ = {isa = PBXFileReference; explicitFileType = wrapper.application; includeInIndex = 0; path = "Scriptlet Runner.app"; sourceTree = BUILT_PRODUCTS_DIR; };
		A1000001111111110001 /* ScriptletRunnerApp.swift */ = {isa = PBXFileReference; lastKnownFileType = sourcecode.swift; path = ScriptletRunnerApp.swift; sourceTree = "<group>"; };
		A1000001111111110002 /* ContentView.swift */ = {isa = PBXFileReference; lastKnownFileType = sourcecode.swift; path = ContentView.swift; sourceTree = "<group>"; };
		A1000001111111110003 /* ScriptListView.swift */ = {isa = PBXFileReference; lastKnownFileType = sourcecode.swift; path = ScriptListView.swift; sourceTree = "<group>"; };
		A1000001111111110004 /* ScriptDetailView.swift */ = {isa = PBXFileReference; lastKnownFileType = sourcecode.swift; path = ScriptDetailView.swift; sourceTree = "<group>"; };
		A1000001111111110005 /* ConsoleView.swift */ = {isa = PBXFileReference; lastKnownFileType = sourcecode.swift; path = ConsoleView.swift; sourceTree = "<group>"; };
		A1000001111111110006 /* SettingsView.swift */ = {isa = PBXFileReference; lastKnownFileType = sourcecode.swift; path = SettingsView.swift; sourceTree = "<group>"; };
		A1000001111111110007 /* Script.swift */ = {isa = PBXFileReference; lastKnownFileType = sourcecode.swift; path = Script.swift; sourceTree = "<group>"; };
		A1000001111111110008 /* ScriptArgument.swift */ = {isa = PBXFileReference; lastKnownFileType = sourcecode.swift; path = ScriptArgument.swift; sourceTree = "<group>"; };
		A1000001111111110009 /* ScanLocation.swift */ = {isa = PBXFileReference; lastKnownFileType = sourcecode.swift; path = ScanLocation.swift; sourceTree = "<group>"; };
		A1000001111111110010 /* ScriptScanner.swift */ = {isa = PBXFileReference; lastKnownFileType = sourcecode.swift; path = ScriptScanner.swift; sourceTree = "<group>"; };
		A1000001111111110011 /* ScriptParser.swift */ = {isa = PBXFileReference; lastKnownFileType = sourcecode.swift; path = ScriptParser.swift; sourceTree = "<group>"; };
		A1000001111111110012 /* ScriptRunner.swift */ = {isa = PBXFileReference; lastKnownFileType = sourcecode.swift; path = ScriptRunner.swift; sourceTree = "<group>"; };
		A1000001111111110013 /* Assets.xcassets */ = {isa = PBXFileReference; lastKnownFileType = folder.assetcatalog; path = Assets.xcassets; sourceTree = "<group>"; };
		A1000001111111110014 /* ScriptletRunner.entitlements */ = {isa = PBXFileReference; lastKnownFileType = text.plist.entitlements; path = ScriptletRunner.entitlements; sourceTree = "<group>"; };
		A1000001111111110015 /* AboutView.swift */ = {isa = PBXFileReference; lastKnownFileType = sourcecode.swift; path = AboutView.swift; sourceTree = "<group>"; };
		A1000001111111110016 /* HelpView.swift */ = {isa = PBXFileReference; lastKnownFileType = sourcecode.swift; path = HelpView.swift; sourceTree = "<group>"; };
		A1000001111111110017 /* ScriptChain.swift */ = {isa = PBXFileReference; lastKnownFileType = sourcecode.swift; path = ScriptChain.swift; sourceTree = "<group>"; };
		A1000001111111110018 /* ChainRunner.swift */ = {isa = PBXFileReference; lastKnownFileType = sourcecode.swift; path = ChainRunner.swift; sourceTree = "<group>"; };
		A1000001111111110019 /* ChainListView.swift */ = {isa = PBXFileReference; lastKnownFileType = sourcecode.swift; path = ChainListView.swift; sourceTree = "<group>"; };
		A1000001111111110020 /* ChainEditorView.swift */ = {isa = PBXFileReference; lastKnownFileType = sourcecode.swift; path = ChainEditorView.swift; sourceTree = "<group>"; };
		A1000001111111110021 /* ChainDetailView.swift */ = {isa = PBXFileReference; lastKnownFileType = sourcecode.swift; path = ChainDetailView.swift; sourceTree = "<group>"; };
/* End PBXFileReference section */

/* Begin PBXFrameworksBuildPhase section */
		A1000001444444440001 /* Frameworks */ = {
			isa = PBXFrameworksBuildPhase;
			buildActionMask = 2147483647;
			files = (
			);
			runOnlyForDeploymentPostprocessing = 0;
		};
/* End PBXFrameworksBuildPhase section */

/* Begin PBXGroup section */
		A1000001555555550001 = {
			isa = PBXGroup;
			children = (
				A1000001555555550002 /* ScriptletRunner */,
				A1000001555555550003 /* Products */,
			);
			sourceTree = "<group>";
		};
		A1000001555555550002 /* ScriptletRunner */ = {
			isa = PBXGroup;
			children = (
				A1000001555555550004 /* App */,
				A1000001555555550005 /* Models */,
				A1000001555555550006 /* Views */,
				A1000001555555550007 /* Services */,
				A1000001111111110013 /* Assets.xcassets */,
				A1000001111111110014 /* ScriptletRunner.entitlements */,
			);
			path = ScriptletRunner;
			sourceTree = "<group>";
		};
		A1000001555555550003 /* Products */ = {
			isa = PBXGroup;
			children = (
				A1000001000000000001 /* Scriptlet Runner.app */,
			);
			name = Products;
			sourceTree = "<group>";
		};
		A1000001555555550004 /* App */ = {
			isa = PBXGroup;
			children = (
				A1000001111111110001 /* ScriptletRunnerApp.swift */,
			);
			path = App;
			sourceTree = "<group>";
		};
		A1000001555555550005 /* Models */ = {
			isa = PBXGroup;
			children = (
				A1000001111111110007 /* Script.swift */,
				A1000001111111110008 /* ScriptArgument.swift */,
				A1000001111111110009 /* ScanLocation.swift */,
				A1000001111111110017 /* ScriptChain.swift */,
			);
			path = Models;
			sourceTree = "<group>";
		};
		A1000001555555550006 /* Views */ = {
			isa = PBXGroup;
			children = (
				A1000001111111110002 /* ContentView.swift */,
				A1000001111111110003 /* ScriptListView.swift */,
				A1000001111111110004 /* ScriptDetailView.swift */,
				A1000001111111110005 /* ConsoleView.swift */,
				A1000001111111110006 /* SettingsView.swift */,
				A1000001111111110015 /* AboutView.swift */,
				A1000001111111110016 /* HelpView.swift */,
				A1000001111111110019 /* ChainListView.swift */,
				A1000001111111110020 /* ChainEditorView.swift */,
				A1000001111111110021 /* ChainDetailView.swift */,
			);
			path = Views;
			sourceTree = "<group>";
		};
		A1000001555555550007 /* Services */ = {
			isa = PBXGroup;
			children = (
				A1000001111111110010 /* ScriptScanner.swift */,
				A1000001111111110011 /* ScriptParser.swift */,
				A1000001111111110012 /* ScriptRunner.swift */,
				A1000001111111110018 /* ChainRunner.swift */,
			);
			path = Services;
			sourceTree = "<group>";
		};
/* End PBXGroup section */

/* Begin PBXNativeTarget section */
		A1000001666666660001 /* ScriptletRunner */ = {
			isa = PBXNativeTarget;
			buildConfigurationList = A1000001888888880001 /* Build configuration list for PBXNativeTarget "ScriptletRunner" */;
			buildPhases = (
				A1000001777777770001 /* Sources */,
				A1000001444444440001 /* Frameworks */,
				A1000001777777770002 /* Resources */,
			);
			buildRules = (
			);
			dependencies = (
			);
			name = ScriptletRunner;
			productName = ScriptletRunner;
			productReference = A1000001000000000001 /* Scriptlet Runner.app */;
			productType = "com.apple.product-type.application";
		};
/* End PBXNativeTarget section */

/* Begin PBXProject section */
		A1000001999999990001 /* Project object */ = {
			isa = PBXProject;
			attributes = {
				BuildIndependentTargetsInParallel = 1;
				LastSwiftUpdateCheck = 1500;
				LastUpgradeCheck = 1500;
				TargetAttributes = {
					A1000001666666660001 = {
						CreatedOnToolsVersion = 15.0;
					};
				};
			};
			buildConfigurationList = A1000001888888880002 /* Build configuration list for PBXProject "ScriptletRunner" */;
			compatibilityVersion = "Xcode 14.0";
			developmentRegion = en;
			hasScannedForEncodings = 0;
			knownRegions = (
				en,
				Base,
			);
			mainGroup = A1000001555555550001;
			productRefGroup = A1000001555555550003 /* Products */;
			projectDirPath = "";
			projectRoot = "";
			targets = (
				A1000001666666660001 /* ScriptletRunner */,
			);
		};
/* End PBXProject section */

/* Begin PBXResourcesBuildPhase section */
		A1000001777777770002 /* Resources */ = {
			isa = PBXResourcesBuildPhase;
			buildActionMask = 2147483647;
			files = (
				A1000001233333330013 /* Assets.xcassets in Resources */,
			);
			runOnlyForDeploymentPostprocessing = 0;
		};
/* End PBXResourcesBuildPhase section */

/* Begin PBXSourcesBuildPhase section */
		A1000001777777770001 /* Sources */ = {
			isa = PBXSourcesBuildPhase;
			buildActionMask = 2147483647;
			files = (
				A1000001233333330001 /* ScriptletRunnerApp.swift in Sources */,
				A1000001233333330002 /* ContentView.swift in Sources */,
				A1000001233333330003 /* ScriptListView.swift in Sources */,
				A1000001233333330004 /* ScriptDetailView.swift in Sources */,
				A1000001233333330005 /* ConsoleView.swift in Sources */,
				A1000001233333330006 /* SettingsView.swift in Sources */,
				A1000001233333330007 /* Script.swift in Sources */,
				A1000001233333330008 /* ScriptArgument.swift in Sources */,
				A1000001233333330009 /* ScanLocation.swift in Sources */,
				A1000001233333330010 /* ScriptScanner.swift in Sources */,
				A1000001233333330011 /* ScriptParser.swift in Sources */,
				A1000001233333330012 /* ScriptRunner.swift in Sources */,
				A1000001233333330014 /* AboutView.swift in Sources */,
				A1000001233333330015 /* HelpView.swift in Sources */,
				A1000001233333330016 /* ScriptChain.swift in Sources */,
				A1000001233333330017 /* ChainRunner.swift in Sources */,
				A1000001233333330018 /* ChainListView.swift in Sources */,
				A1000001233333330019 /* ChainEditorView.swift in Sources */,
				A1000001233333330020 /* ChainDetailView.swift in Sources */,
			);
			runOnlyForDeploymentPostprocessing = 0;
		};
/* End PBXSourcesBuildPhase section */

/* Begin XCBuildConfiguration section */
		A1000001AAAAAAAAA001 /* Debug */ = {
			isa = XCBuildConfiguration;
			buildSettings = {
				ALWAYS_SEARCH_USER_PATHS = NO;
				ASSETCATALOG_COMPILER_GENERATE_SWIFT_ASSET_SYMBOL_EXTENSIONS = YES;
				CLANG_ANALYZER_NONNULL = YES;
				CLANG_ANALYZER_NUMBER_OBJECT_CONVERSION = YES_AGGRESSIVE;
				CLANG_CXX_LANGUAGE_STANDARD = "gnu++20";
				CLANG_ENABLE_MODULES = YES;
				CLANG_ENABLE_OBJC_ARC = YES;
				CLANG_ENABLE_OBJC_WEAK = YES;
				CLANG_WARN_BLOCK_CAPTURE_AUTORELEASING = YES;
				CLANG_WARN_BOOL_CONVERSION = YES;
				CLANG_WARN_COMMA = YES;
				CLANG_WARN_CONSTANT_CONVERSION = YES;
				CLANG_WARN_DEPRECATED_OBJC_IMPLEMENTATIONS = YES;
				CLANG_WARN_DIRECT_OBJC_ISA_USAGE = YES_ERROR;
				CLANG_WARN_DOCUMENTATION_COMMENTS = YES;
				CLANG_WARN_EMPTY_BODY = YES;
				CLANG_WARN_ENUM_CONVERSION = YES;
				CLANG_WARN_INFINITE_RECURSION = YES;
				CLANG_WARN_INT_CONVERSION = YES;
				CLANG_WARN_NON_LITERAL_NULL_CONVERSION = YES;
				CLANG_WARN_OBJC_IMPLICIT_RETAIN_SELF = YES;
				CLANG_WARN_OBJC_LITERAL_CONVERSION = YES;
				CLANG_WARN_OBJC_ROOT_CLASS = YES_ERROR;
				CLANG_WARN_QUOTED_INCLUDE_IN_FRAMEWORK_HEADER = YES;
				CLANG_WARN_RANGE_LOOP_ANALYSIS = YES;
				CLANG_WARN_STRICT_PROTOTYPES = YES;
				CLANG_WARN_SUSPICIOUS_MOVE = YES;
				CLANG_WARN_UNGUARDED_AVAILABILITY = YES_AGGRESSIVE;
				CLANG_WARN_UNREACHABLE_CODE = YES;
				CLANG_WARN__DUPLICATE_METHOD_MATCH = YES;
				COPY_PHASE_STRIP = NO;
				DEBUG_INFORMATION_FORMAT = dwarf;
				ENABLE_STRICT_OBJC_MSGSEND = YES;
				ENABLE_TESTABILITY = YES;
				ENABLE_USER_SCRIPT_SANDBOXING = YES;
				GCC_C_LANGUAGE_STANDARD = gnu17;
				GCC_DYNAMIC_NO_PIC = NO;
				GCC_NO_COMMON_BLOCKS = YES;
				GCC_OPTIMIZATION_LEVEL = 0;
				GCC_PREPROCESSOR_DEFINITIONS = (
					"DEBUG=1",
					"$(inherited)",
				);
				GCC_WARN_64_TO_32_BIT_CONVERSION = YES;
				GCC_WARN_ABOUT_RETURN_TYPE = YES_ERROR;
				GCC_WARN_UNDECLARED_SELECTOR = YES;
				GCC_WARN_UNINITIALIZED_AUTOS = YES_AGGRESSIVE;
				GCC_WARN_UNUSED_FUNCTION = YES;
				GCC_WARN_UNUSED_VARIABLE = YES;
				LOCALIZATION_PREFERS_STRING_CATALOGS = YES;
				MACOSX_DEPLOYMENT_TARGET = 13.0;
				MTL_ENABLE_DEBUG_INFO = INCLUDE_SOURCE;
				MTL_FAST_MATH = YES;
				ONLY_ACTIVE_ARCH = YES;
				SDKROOT = macosx;
				SWIFT_ACTIVE_COMPILATION_CONDITIONS = "DEBUG $(inherited)";
				SWIFT_OPTIMIZATION_LEVEL = "-Onone";
			};
			name = Debug;
		};
		A1000001AAAAAAAAA002 /* Release */ = {
			isa = XCBuildConfiguration;
			buildSettings = {
				ALWAYS_SEARCH_USER_PATHS = NO;
				ASSETCATALOG_COMPILER_GENERATE_SWIFT_ASSET_SYMBOL_EXTENSIONS = YES;
				CLANG_ANALYZER_NONNULL = YES;
				CLANG_ANALYZER_NUMBER_OBJECT_CONVERSION = YES_AGGRESSIVE;
				CLANG_CXX_LANGUAGE_STANDARD = "gnu++20";
				CLANG_ENABLE_MODULES = YES;
				CLANG_ENABLE_OBJC_ARC = YES;
				CLANG_ENABLE_OBJC_WEAK = YES;
				CLANG_WARN_BLOCK_CAPTURE_AUTORELEASING = YES;
				CLANG_WARN_BOOL_CONVERSION = YES;
				CLANG_WARN_COMMA = YES;
				CLANG_WARN_CONSTANT_CONVERSION = YES;
				CLANG_WARN_DEPRECATED_OBJC_IMPLEMENTATIONS = YES;
				CLANG_WARN_DIRECT_OBJC_ISA_USAGE = YES_ERROR;
				CLANG_WARN_DOCUMENTATION_COMMENTS = YES;
				CLANG_WARN_EMPTY_BODY = YES;
				CLANG_WARN_ENUM_CONVERSION = YES;
				CLANG_WARN_INFINITE_RECURSION = YES;
				CLANG_WARN_INT_CONVERSION = YES;
				CLANG_WARN_NON_LITERAL_NULL_CONVERSION = YES;
				CLANG_WARN_OBJC_IMPLICIT_RETAIN_SELF = YES;
				CLANG_WARN_OBJC_LITERAL_CONVERSION = YES;
				CLANG_WARN_OBJC_ROOT_CLASS = YES_ERROR;
				CLANG_WARN_QUOTED_INCLUDE_IN_FRAMEWORK_HEADER = YES;
				CLANG_WARN_RANGE_LOOP_ANALYSIS = YES;
				CLANG_WARN_STRICT_PROTOTYPES = YES;
				CLANG_WARN_SUSPICIOUS_MOVE = YES;
				CLANG_WARN_UNGUARDED_AVAILABILITY = YES_AGGRESSIVE;
				CLANG_WARN_UNREACHABLE_CODE = YES;
				CLANG_WARN__DUPLICATE_METHOD_MATCH = YES;
				COPY_PHASE_STRIP = NO;
				DEBUG_INFORMATION_FORMAT = "dwarf-with-dsym";
				ENABLE_NS_ASSERTIONS = NO;
				ENABLE_STRICT_OBJC_MSGSEND = YES;
				ENABLE_USER_SCRIPT_SANDBOXING = YES;
				GCC_C_LANGUAGE_STANDARD = gnu17;
				GCC_NO_COMMON_BLOCKS = YES;
				GCC_WARN_64_TO_32_BIT_CONVERSION = YES;
				GCC_WARN_ABOUT_RETURN_TYPE = YES_ERROR;
				GCC_WARN_UNDECLARED_SELECTOR = YES;
				GCC_WARN_UNINITIALIZED_AUTOS = YES_AGGRESSIVE;
				GCC_WARN_UNUSED_FUNCTION = YES;
				GCC_WARN_UNUSED_VARIABLE = YES;
				LOCALIZATION_PREFERS_STRING_CATALOGS = YES;
				MACOSX_DEPLOYMENT_TARGET = 13.0;
				MTL_ENABLE_DEBUG_INFO = NO;
				MTL_FAST_MATH = YES;
				SDKROOT = macosx;
				SWIFT_COMPILATION_MODE = wholemodule;
			};
			name = Release;
		};
		A1000001AAAAAAAAA003 /* Debug */ = {
			isa = XCBuildConfiguration;
			buildSettings = {
				ASSETCATALOG_COMPILER_APPICON_NAME = AppIcon;
				ASSETCATALOG_COMPILER_GLOBAL_ACCENT_COLOR_NAME = AccentColor;
				CODE_SIGN_ENTITLEMENTS = ScriptletRunner/ScriptletRunner.entitlements;
				CODE_SIGN_STYLE = Automatic;
				COMBINE_HIDPI_IMAGES = YES;
				CURRENT_PROJECT_VERSION = 1;
				DEVELOPMENT_ASSET_PATHS = "";
				ENABLE_HARDENED_RUNTIME = YES;
				ENABLE_PREVIEWS = YES;
				GENERATE_INFOPLIST_FILE = YES;
				INFOPLIST_KEY_LSApplicationCategoryType = "public.app-category.developer-tools";
				INFOPLIST_KEY_NSHumanReadableCopyright = "Copyright © 2026 Justin James. Free for non-commercial use.";
				LD_RUNPATH_SEARCH_PATHS = (
					"$(inherited)",
					"@executable_path/../Frameworks",
				);
				MARKETING_VERSION = 1.0.0;
				PRODUCT_BUNDLE_IDENTIFIER = com.thejustinjames.scriptletrunner;
				PRODUCT_NAME = "Scriptlet Runner";
				SWIFT_EMIT_LOC_STRINGS = YES;
				SWIFT_VERSION = 5.0;
			};
			name = Debug;
		};
		A1000001AAAAAAAAA004 /* Release */ = {
			isa = XCBuildConfiguration;
			buildSettings = {
				ASSETCATALOG_COMPILER_APPICON_NAME = AppIcon;
				ASSETCATALOG_COMPILER_GLOBAL_ACCENT_COLOR_NAME = AccentColor;
				CODE_SIGN_ENTITLEMENTS = ScriptletRunner/ScriptletRunner.entitlements;
				CODE_SIGN_STYLE = Automatic;
				COMBINE_HIDPI_IMAGES = YES;
				CURRENT_PROJECT_VERSION = 1;
				DEVELOPMENT_ASSET_PATHS = "";
				ENABLE_HARDENED_RUNTIME = YES;
				ENABLE_PREVIEWS = YES;
				GENERATE_INFOPLIST_FILE = YES;
				INFOPLIST_KEY_LSApplicationCategoryType = "public.app-category.developer-tools";
				INFOPLIST_KEY_NSHumanReadableCopyright = "Copyright © 2026 Justin James. Free for non-commercial use.";
				LD_RUNPATH_SEARCH_PATHS = (
					"$(inherited)",
					"@executable_path/../Frameworks",
				);
				MARKETING_VERSION = 1.0.0;
				PRODUCT_BUNDLE_IDENTIFIER = com.thejustinjames.scriptletrunner;
				PRODUCT_NAME = "Scriptlet Runner";
				SWIFT_EMIT_LOC_STRINGS = YES;
				SWIFT_VERSION = 5.0;
			};
			name = Release;
		};
/* End XCBuildConfiguration section */

/* Begin XCConfigurationList section */
		A1000001888888880001 /* Build configuration list for PBXNativeTarget "ScriptletRunner" */ = {
			isa = XCConfigurationList;
			buildConfigurations = (
				A1000001AAAAAAAAA003 /* Debug */,
				A1000001AAAAAAAAA004 /* Release */,
			);
			defaultConfigurationIsVisible = 0;
			defaultConfigurationName = Release;
		};
		A1000001888888880002 /* Build configuration list for PBXProject "ScriptletRunner" */ = {
			isa = XCConfigurationList;
			buildConfigurations = (
				A1000001AAAAAAAAA001 /* Debug */,
				A1000001AAAAAAAAA002 /* Release */,
			);
			defaultConfigurationIsVisible = 0;
			defaultConfigurationName = Release;
		};
/* End XCConfigurationList section */
	};
	rootObject = A1000001999999990001 /* Project object */;
}
